
Microsoft Visual Studio Solution File, Format Version 12.00
# Visual Studio Version 17
VisualStudioVersion = 17.7.34031.279
MinimumVisualStudioVersion = 10.0.40219.1
Project("{9A19103F-16F7-4668-BE54-9A1E7A4F7556}") = "ZStore.Core", "ZStore.Core\ZStore.Core.csproj", "{A9AF4C4B-F24F-4616-A4A9-E63E3BBCB76E}"
EndProject
Project("{9A19103F-16F7-4668-BE54-9A1E7A4F7556}") = "ZStore.Application", "ZStore.Application\ZStore.Application.csproj", "{27DFFA55-5E72-4212-945B-158EE1D29849}"
EndProject
Project("{9A19103F-16F7-4668-BE54-9A1E7A4F7556}") = "ZStore.Data", "ZStore.Data\ZStore.Data.csproj", "{A2E59D9A-3DD5-4A9B-BA4C-904613D4C322}"
EndProject
Project("{9A19103F-16F7-4668-BE54-9A1E7A4F7556}") = "ZStore.Repository", "ZStore.Repository\ZStore.Repository.csproj", "{4D6969D8-64FD-41EF-A280-2BB419FFD9C4}"
EndProject
Project("{FAE04EC0-301F-11D3-BF4B-00C04F79EFBC}") = "ZStore.MVC", "ZStore.MVC\ZStore.MVC.csproj", "{6F4185CF-894C-41B5-A5AA-442AF29AFA81}"
EndProject
Global
	GlobalSection(SolutionConfigurationPlatforms) = preSolution
		Debug|Any CPU = Debug|Any CPU
		Release|Any CPU = Release|Any CPU
	EndGlobalSection
	GlobalSection(ProjectConfigurationPlatforms) = postSolution
		{A9AF4C4B-F24F-4616-A4A9-E63E3BBCB76E}.Debug|Any CPU.ActiveCfg = Debug|Any CPU
		{A9AF4C4B-F24F-4616-A4A9-E63E3BBCB76E}.Debug|Any CPU.Build.0 = Debug|Any CPU
		{A9AF4C4B-F24F-4616-A4A9-E63E3BBCB76E}.Release|Any CPU.ActiveCfg = Release|Any CPU
		{A9AF4C4B-F24F-4616-A4A9-E63E3BBCB76E}.Release|Any CPU.Build.0 = Release|Any CPU
		{27DFFA55-5E72-4212-945B-158EE1D29849}.Debug|Any CPU.ActiveCfg = Debug|Any CPU
		{27DFFA55-5E72-4212-945B-158EE1D29849}.Debug|Any CPU.Build.0 = Debug|Any CPU
		{27DFFA55-5E72-4212-945B-158EE1D29849}.Release|Any CPU.ActiveCfg = Release|Any CPU
		{27DFFA55-5E72-4212-945B-158EE1D29849}.Release|Any CPU.Build.0 = Release|Any CPU
		{A2E59D9A-3DD5-4A9B-BA4C-904613D4C322}.Debug|Any CPU.ActiveCfg = Debug|Any CPU
		{A2E59D9A-3DD5-4A9B-BA4C-904613D4C322}.Debug|Any CPU.Build.0 = Debug|Any CPU
		{A2E59D9A-3DD5-4A9B-BA4C-904613D4C322}.Release|Any CPU.ActiveCfg = Release|Any CPU
		{A2E59D9A-3DD5-4A9B-BA4C-904613D4C322}.Release|Any CPU.Build.0 = Release|Any CPU
		{4D6969D8-64FD-41EF-A280-2BB419FFD9C4}.Debug|Any CPU.ActiveCfg = Debug|Any CPU
		{4D6969D8-64FD-41EF-A280-2BB419FFD9C4}.Debug|Any CPU.Build.0 = Debug|Any CPU
		{4D6969D8-64FD-41EF-A280-2BB419FFD9C4}.Release|Any CPU.ActiveCfg = Release|Any CPU
		{4D6969D8-64FD-41EF-A280-2BB419FFD9C4}.Release|Any CPU.Build.0 = Release|Any CPU
		{6F4185CF-894C-41B5-A5AA-442AF29AFA81}.Debug|Any CPU.ActiveCfg = Debug|Any CPU
		{6F4185CF-894C-41B5-A5AA-442AF29AFA81}.Debug|Any CPU.Build.0 = Debug|Any CPU
		{6F4185CF-894C-41B5-A5AA-442AF29AFA81}.Release|Any CPU.ActiveCfg = Release|Any CPU
		{6F4185CF-894C-41B5-A5AA-442AF29AFA81}.Release|Any CPU.Build.0 = Release|Any CPU
	EndGlobalSection
	GlobalSection(SolutionProperties) = preSolution
		HideSolutionNode = FALSE
	EndGlobalSection
	GlobalSection(ExtensibilityGlobals) = postSolution
		SolutionGuid = {ECD7725B-2454-4309-B675-A6928F18420D}
	EndGlobalSection
EndGlobal
